<Solution>
  <Folder Name="/01/">
    <Project Path="IsNumberOddOrNot/IsNumberOddOrNot.csproj" />
  </Folder>
  <Folder Name="/02/">
    <Project Path="TheGreathestNumber/TheGreathestNumber.csproj" Id="5d8b1504-7dce-44c3-b9b5-481fa3bdd392" />
  </Folder>
  <Folder Name="/03/">
    <Project Path="SortNumbers/SortNumbers.csproj" Id="c756ad26-780e-482e-b99a-47b280beae4c" />
  </Folder>
  <Folder Name="/04/">
    <Project Path="MultipleOfAnother/MultipleOfAnother.csproj" Id="8a6c97f0-91bc-4540-b358-19ede004950c" />
  </Folder>
  <Folder Name="/05/">
    <Project Path="LeapYear/LeapYear.csproj" Id="573cd5f3-f9ab-4421-b71f-b40587b5e3c4" />
  </Folder>
  <Folder Name="/06/">
    <Project Path="SimplePayroll/SimplePayroll.csproj" Id="6cf2e8e4-dfd2-4b4e-8d4f-fd40471d991e" />
  </Folder>
  <Folder Name="/07/">
    <Project Path="Discounts/Discounts.csproj" Id="5f50f997-d710-4a6d-86fe-025a0eae56ef" />
  </Folder>
  <Folder Name="/08/">
    <Project Path="RegistrationValue/RegistrationValue.csproj" Id="56200d94-aaad-48b8-afae-1026b93bac6d" />
  </Folder>
  <Folder Name="/09/">
    <Project Path="SendMerchandise/SendMerchandise.csproj" Id="fefa38fc-12e2-40d3-b021-ceca7e8d181c" />
  </Folder>
  <Folder Name="/Shared/">
    <Project Path="Shared/Shared.csproj" Id="fc0f70e4-cd6d-4a62-a639-d4c98344bda6" />
  </Folder>
</Solution>
